<?xml version="1.0" encoding="utf-8"?>
<Project ToolsVersion="4.0" xmlns="http://schemas.microsoft.com/developer/msbuild/2003">
  <ItemGroup>
    <Filter Include="Source Files">
      <UniqueIdentifier>{4FC737F1-C7A5-4376-A066-2A32D752A2FF}</UniqueIdentifier>
      <Extensions>cpp;c;cc;cxx;def;odl;idl;hpj;bat;asm;asmx</Extensions>
    </Filter>
    <Filter Include="Header Files">
      <UniqueIdentifier>{93995380-89BD-4b04-88EB-625FBE52EBFB}</UniqueIdentifier>
      <Extensions>h;hh;hpp;hxx;hm;inl;inc;xsd</Extensions>
    </Filter>
    <Filter Include="Resource Files">
      <UniqueIdentifier>{67DA6AB6-F800-4c08-8B7A-83BB121AAD01}</UniqueIdentifier>
      <Extensions>rc;ico;cur;bmp;dlg;rc2;rct;bin;rgs;gif;jpg;jpeg;jpe;resx;tiff;tif;png;wav;mfcribbon-ms</Extensions>
    </Filter>
    <Filter Include="classorder">
      <UniqueIdentifier>{9c5df3a6-2529-4480-9344-984db82b1cce}</UniqueIdentifier>
    </Filter>
    <Filter Include="semaphore">
      <UniqueIdentifier>{5c693d8e-2672-4cfe-9f1e-c1d5d41158aa}</UniqueIdentifier>
    </Filter>
    <Filter Include="guid">
      <UniqueIdentifier>{1dc22d6d-c09c-457b-8246-b44c280417f6}</UniqueIdentifier>
    </Filter>
    <Filter Include="Cplus11">
      <UniqueIdentifier>{b6ebb28b-ec78-4ebe-9553-b436906e68a0}</UniqueIdentifier>
    </Filter>
    <Filter Include="boosttime">
      <UniqueIdentifier>{be0da9f5-0441-4d69-ae71-65169aa3dbac}</UniqueIdentifier>
    </Filter>
  </ItemGroup>
  <ItemGroup>
    <Text Include="ReadMe.txt" />
  </ItemGroup>
  <ItemGroup>
    <ClInclude Include="stdafx.h">
      <Filter>Header Files</Filter>
    </ClInclude>
    <ClInclude Include="targetver.h">
      <Filter>Header Files</Filter>
    </ClInclude>
    <ClInclude Include="BoostTestAny.h">
      <Filter>Header Files</Filter>
    </ClInclude>
    <ClInclude Include="BoostTestFunction.h">
      <Filter>Header Files</Filter>
    </ClInclude>
    <ClInclude Include="BoostTestBind.h">
      <Filter>Header Files</Filter>
    </ClInclude>
    <ClInclude Include="BoostTestString.h">
      <Filter>Header Files</Filter>
    </ClInclude>
    <ClInclude Include="BoostTestTokenizer.h">
      <Filter>Header Files</Filter>
    </ClInclude>
    <ClInclude Include="BoostTestStringAlgo.h">
      <Filter>Header Files</Filter>
    </ClInclude>
    <ClInclude Include="BoostTestStringAlgoFind.h">
      <Filter>Header Files</Filter>
    </ClInclude>
    <ClInclude Include="BoostTestDate.h">
      <Filter>Header Files</Filter>
    </ClInclude>
    <ClInclude Include="BoostTestThread.h">
      <Filter>Header Files</Filter>
    </ClInclude>
    <ClInclude Include="BoostTestXML.h">
      <Filter>Header Files</Filter>
    </ClInclude>
    <ClInclude Include="BoostTestException.h">
      <Filter>Header Files</Filter>
    </ClInclude>
    <ClInclude Include="BoostTestJson.h">
      <Filter>Header Files</Filter>
    </ClInclude>
    <ClInclude Include="BoostTestAsio.h">
      <Filter>Header Files</Filter>
    </ClInclude>
    <ClInclude Include="BoostTestSharedPtr.h">
      <Filter>Header Files</Filter>
    </ClInclude>
    <ClInclude Include="classorder\ClassOrderTest.h">
      <Filter>classorder</Filter>
    </ClInclude>
    <ClInclude Include="semaphore\SemaphoreTest.h">
      <Filter>semaphore</Filter>
    </ClInclude>
    <ClInclude Include="guid\GuidTest.h">
      <Filter>guid</Filter>
    </ClInclude>
    <ClInclude Include="Cplus11\Cplus.h">
      <Filter>Cplus11</Filter>
    </ClInclude>
    <ClInclude Include="boosttime\BoostTestTime.h">
      <Filter>boosttime</Filter>
    </ClInclude>
  </ItemGroup>
  <ItemGroup>
    <ClCompile Include="stdafx.cpp">
      <Filter>Source Files</Filter>
    </ClCompile>
    <ClCompile Include="BoostTest.cpp">
      <Filter>Source Files</Filter>
    </ClCompile>
  </ItemGroup>
</Project>